
Microsoft Visual Studio Solution File, Format Version 12.00
# Visual Studio Version 16
VisualStudioVersion = 16.0.31321.278
MinimumVisualStudioVersion = 10.0.40219.1
Project("{FAE04EC0-301F-11D3-BF4B-00C04F79EFBC}") = "dotnet_kcp_api_pay_sample", "dotnet_kcp_api_pay_sample\dotnet_kcp_api_pay_sample.csproj", "{EF098716-4073-4EC5-93C7-1272917519BD}"
EndProject
Global
	GlobalSection(SolutionConfigurationPlatforms) = preSolution
		Debug|Any CPU = Debug|Any CPU
		Release|Any CPU = Release|Any CPU
	EndGlobalSection
	GlobalSection(ProjectConfigurationPlatforms) = postSolution
		{EF098716-4073-4EC5-93C7-1272917519BD}.Debug|Any CPU.ActiveCfg = Debug|Any CPU
		{EF098716-4073-4EC5-93C7-1272917519BD}.Debug|Any CPU.Build.0 = Debug|Any CPU
		{EF098716-4073-4EC5-93C7-1272917519BD}.Release|Any CPU.ActiveCfg = Release|Any CPU
		{EF098716-4073-4EC5-93C7-1272917519BD}.Release|Any CPU.Build.0 = Release|Any CPU
	EndGlobalSection
	GlobalSection(SolutionProperties) = preSolution
		HideSolutionNode = FALSE
	EndGlobalSection
	GlobalSection(ExtensibilityGlobals) = postSolution
		SolutionGuid = {4B5F299A-0357-4115-A94B-2EF812D317C0}
	EndGlobalSection
EndGlobal
